
Microsoft Visual Studio Solution File, Format Version 12.00
# Visual Studio Version 16
VisualStudioVersion = 16.0.31624.102
MinimumVisualStudioVersion = 10.0.40219.1
Project("{8BC9CEB8-8B4A-11D0-8D11-00A0C91BC942}") = "infineonTask", "infineonTask\infineonTask.vcxproj", "{8F0B8421-829E-4BE0-8DFE-8AE75ED5FCC6}"
EndProject
Project("{8BC9CEB8-8B4A-11D0-8D11-00A0C91BC942}") = "gtests", "tests\tests.vcxproj", "{4FEA641D-3C13-4A7E-B048-7F3A665A3C39}"
EndProject
Project("{2150E333-8FDC-42A3-9474-1A3956D46DE8}") = "Solution Items", "Solution Items", "{A1C4AFEF-DB7A-4A28-9D35-37B3E5FD5A06}"
	ProjectSection(SolutionItems) = preProject
		Debug\file.txt = Debug\file.txt
	EndProjectSection
EndProject
Global
	GlobalSection(SolutionConfigurationPlatforms) = preSolution
		Debug|x64 = Debug|x64
		Debug|x86 = Debug|x86
		Release|x64 = Release|x64
		Release|x86 = Release|x86
	EndGlobalSection
	GlobalSection(ProjectConfigurationPlatforms) = postSolution
		{8F0B8421-829E-4BE0-8DFE-8AE75ED5FCC6}.Debug|x64.ActiveCfg = Debug|x64
		{8F0B8421-829E-4BE0-8DFE-8AE75ED5FCC6}.Debug|x64.Build.0 = Debug|x64
		{8F0B8421-829E-4BE0-8DFE-8AE75ED5FCC6}.Debug|x86.ActiveCfg = Debug|Win32
		{8F0B8421-829E-4BE0-8DFE-8AE75ED5FCC6}.Debug|x86.Build.0 = Debug|Win32
		{8F0B8421-829E-4BE0-8DFE-8AE75ED5FCC6}.Release|x64.ActiveCfg = Release|x64
		{8F0B8421-829E-4BE0-8DFE-8AE75ED5FCC6}.Release|x64.Build.0 = Release|x64
		{8F0B8421-829E-4BE0-8DFE-8AE75ED5FCC6}.Release|x86.ActiveCfg = Release|Win32
		{8F0B8421-829E-4BE0-8DFE-8AE75ED5FCC6}.Release|x86.Build.0 = Release|Win32
		{4FEA641D-3C13-4A7E-B048-7F3A665A3C39}.Debug|x64.ActiveCfg = Debug|x64
		{4FEA641D-3C13-4A7E-B048-7F3A665A3C39}.Debug|x64.Build.0 = Debug|x64
		{4FEA641D-3C13-4A7E-B048-7F3A665A3C39}.Debug|x86.ActiveCfg = Debug|Win32
		{4FEA641D-3C13-4A7E-B048-7F3A665A3C39}.Debug|x86.Build.0 = Debug|Win32
		{4FEA641D-3C13-4A7E-B048-7F3A665A3C39}.Release|x64.ActiveCfg = Release|x64
		{4FEA641D-3C13-4A7E-B048-7F3A665A3C39}.Release|x64.Build.0 = Release|x64
		{4FEA641D-3C13-4A7E-B048-7F3A665A3C39}.Release|x86.ActiveCfg = Release|Win32
		{4FEA641D-3C13-4A7E-B048-7F3A665A3C39}.Release|x86.Build.0 = Release|Win32
	EndGlobalSection
	GlobalSection(SolutionProperties) = preSolution
		HideSolutionNode = FALSE
	EndGlobalSection
	GlobalSection(ExtensibilityGlobals) = postSolution
		SolutionGuid = {74675785-90C2-4AE6-9AA5-82F079199669}
	EndGlobalSection
EndGlobal
